
Microsoft Visual Studio Solution File, Format Version 12.00
# Visual Studio 2012
Project("{FAE04EC0-301F-11D3-BF4B-00C04F79EFBC}") = "drtrt", "drtrt\drtrt.csproj", "{A48AAF49-F2B1-447C-A98A-2833CEE0D57B}"
EndProject
Global
	GlobalSection(SolutionConfigurationPlatforms) = preSolution
		Debug|iPhoneSimulator = Debug|iPhoneSimulator
		Release|iPhone = Release|iPhone
		Release|iPhoneSimulator = Release|iPhoneSimulator
		Debug|iPhone = Debug|iPhone
	EndGlobalSection
	GlobalSection(ProjectConfigurationPlatforms) = postSolution
		{A48AAF49-F2B1-447C-A98A-2833CEE0D57B}.Debug|iPhoneSimulator.ActiveCfg = Debug|iPhoneSimulator
		{A48AAF49-F2B1-447C-A98A-2833CEE0D57B}.Debug|iPhoneSimulator.Build.0 = Debug|iPhoneSimulator
		{A48AAF49-F2B1-447C-A98A-2833CEE0D57B}.Release|iPhone.ActiveCfg = Release|iPhone
		{A48AAF49-F2B1-447C-A98A-2833CEE0D57B}.Release|iPhone.Build.0 = Release|iPhone
		{A48AAF49-F2B1-447C-A98A-2833CEE0D57B}.Release|iPhoneSimulator.ActiveCfg = Release|iPhoneSimulator
		{A48AAF49-F2B1-447C-A98A-2833CEE0D57B}.Release|iPhoneSimulator.Build.0 = Release|iPhoneSimulator
		{A48AAF49-F2B1-447C-A98A-2833CEE0D57B}.Debug|iPhone.ActiveCfg = Debug|iPhone
		{A48AAF49-F2B1-447C-A98A-2833CEE0D57B}.Debug|iPhone.Build.0 = Debug|iPhone
	EndGlobalSection
EndGlobal
